
Microsoft Visual Studio Solution File, Format Version 12.00
# Visual Studio Version 17
VisualStudioVersion = 17.7.34031.279
MinimumVisualStudioVersion = 10.0.40219.1
Project("{FAE04EC0-301F-11D3-BF4B-00C04F79EFBC}") = "net-ef-videogame", "net-ef-videogame\net-ef-videogame.csproj", "{FAF0EAD9-FB72-47BA-95D5-7008545759AD}"
EndProject
Global
	GlobalSection(SolutionConfigurationPlatforms) = preSolution
		Debug|Any CPU = Debug|Any CPU
		Release|Any CPU = Release|Any CPU
	EndGlobalSection
	GlobalSection(ProjectConfigurationPlatforms) = postSolution
		{FAF0EAD9-FB72-47BA-95D5-7008545759AD}.Debug|Any CPU.ActiveCfg = Debug|Any CPU
		{FAF0EAD9-FB72-47BA-95D5-7008545759AD}.Debug|Any CPU.Build.0 = Debug|Any CPU
		{FAF0EAD9-FB72-47BA-95D5-7008545759AD}.Release|Any CPU.ActiveCfg = Release|Any CPU
		{FAF0EAD9-FB72-47BA-95D5-7008545759AD}.Release|Any CPU.Build.0 = Release|Any CPU
	EndGlobalSection
	GlobalSection(SolutionProperties) = preSolution
		HideSolutionNode = FALSE
	EndGlobalSection
	GlobalSection(ExtensibilityGlobals) = postSolution
		SolutionGuid = {32F15D04-3B96-46E3-A689-4B8FB9B4CF0B}
	EndGlobalSection
EndGlobal
